
Microsoft Visual Studio Solution File, Format Version 12.00
# Visual Studio Version 17
VisualStudioVersion = 17.2.32519.379
MinimumVisualStudioVersion = 10.0.40219.1
Project("{FAE04EC0-301F-11D3-BF4B-00C04F79EFBC}") = "Ahead - Estevao", "Ahead - Estevao.csproj", "{85530293-E5B7-4FAD-AA4F-0C808A3AF38F}"
EndProject
Global
	GlobalSection(SolutionConfigurationPlatforms) = preSolution
		Debug|Any CPU = Debug|Any CPU
		Release|Any CPU = Release|Any CPU
	EndGlobalSection
	GlobalSection(ProjectConfigurationPlatforms) = postSolution
		{85530293-E5B7-4FAD-AA4F-0C808A3AF38F}.Debug|Any CPU.ActiveCfg = Debug|Any CPU
		{85530293-E5B7-4FAD-AA4F-0C808A3AF38F}.Debug|Any CPU.Build.0 = Debug|Any CPU
		{85530293-E5B7-4FAD-AA4F-0C808A3AF38F}.Release|Any CPU.ActiveCfg = Release|Any CPU
		{85530293-E5B7-4FAD-AA4F-0C808A3AF38F}.Release|Any CPU.Build.0 = Release|Any CPU
	EndGlobalSection
	GlobalSection(SolutionProperties) = preSolution
		HideSolutionNode = FALSE
	EndGlobalSection
	GlobalSection(ExtensibilityGlobals) = postSolution
		SolutionGuid = {4066B383-41C2-4AFD-9ABE-7A9F87B13961}
	EndGlobalSection
EndGlobal
